Microsoft Visual Studio Solution File, Format Version 12.00
# Visual Studio Version 16
VisualStudioVersion = 16.0.31321.278
MinimumVisualStudioVersion = 10.0.40219.1
Project("{FAE04EC0-301F-11D3-BF4B-00C04F79EFBC}") = "Rasp.Test", "Rasp.Test\Rasp.Test.csproj", "{D013C43D-F51D-4D82-804B-776AF2913180}"
EndProject
Global
	GlobalSection(SolutionConfigurationPlatforms) = preSolution
		Debug|Any CPU = Debug|Any CPU
		Release|Any CPU = Release|Any CPU
	EndGlobalSection
	GlobalSection(ProjectConfigurationPlatforms) = postSolution
		{D013C43D-F51D-4D82-804B-776AF2913180}.Debug|Any CPU.ActiveCfg = Debug|Any CPU
		{D013C43D-F51D-4D82-804B-776AF2913180}.Debug|Any CPU.Build.0 = Debug|Any CPU
		{D013C43D-F51D-4D82-804B-776AF2913180}.Release|Any CPU.ActiveCfg = Release|Any CPU
		{D013C43D-F51D-4D82-804B-776AF2913180}.Release|Any CPU.Build.0 = Release|Any CPU
	EndGlobalSection
	GlobalSection(SolutionProperties) = preSolution
		HideSolutionNode = FALSE
	EndGlobalSection
	GlobalSection(ExtensibilityGlobals) = postSolution
		SolutionGuid = {3F76B616-D711-4D26-82E1-5DC19C9396BF}
	EndGlobalSection
EndGlobal
